
Microsoft Visual Studio Solution File, Format Version 12.00
# Visual Studio Version 17
VisualStudioVersion = 17.0.31710.8
MinimumVisualStudioVersion = 10.0.40219.1
Project("{FAE04EC0-301F-11D3-BF4B-00C04F79EFBC}") = "ParameterlessStructConstructors", "ParameterlessStructConstructors\ParameterlessStructConstructors.csproj", "{FD88ED48-1C90-415B-B96C-7BFD4233DEF9}"
EndProject
Global
	GlobalSection(SolutionConfigurationPlatforms) = preSolution
		Debug|Any CPU = Debug|Any CPU
		Release|Any CPU = Release|Any CPU
	EndGlobalSection
	GlobalSection(ProjectConfigurationPlatforms) = postSolution
		{FD88ED48-1C90-415B-B96C-7BFD4233DEF9}.Debug|Any CPU.ActiveCfg = Debug|Any CPU
		{FD88ED48-1C90-415B-B96C-7BFD4233DEF9}.Debug|Any CPU.Build.0 = Debug|Any CPU
		{FD88ED48-1C90-415B-B96C-7BFD4233DEF9}.Release|Any CPU.ActiveCfg = Release|Any CPU
		{FD88ED48-1C90-415B-B96C-7BFD4233DEF9}.Release|Any CPU.Build.0 = Release|Any CPU
	EndGlobalSection
	GlobalSection(SolutionProperties) = preSolution
		HideSolutionNode = FALSE
	EndGlobalSection
	GlobalSection(ExtensibilityGlobals) = postSolution
		SolutionGuid = {ECFFCA50-BF3C-48CF-84A8-47AAA3F553A8}
	EndGlobalSection
EndGlobal
