
Microsoft Visual Studio Solution File, Format Version 12.00
# Visual Studio Version 17
VisualStudioVersion = 17.0.31710.8
MinimumVisualStudioVersion = 10.0.40219.1
Project("{FAE04EC0-301F-11D3-BF4B-00C04F79EFBC}") = "ProcessPathAndId", "ProcessPathAndId\ProcessPathAndId.csproj", "{BA2225B5-10BD-470A-9F1B-AC1DFDAFA40A}"
EndProject
Global
	GlobalSection(SolutionConfigurationPlatforms) = preSolution
		Debug|Any CPU = Debug|Any CPU
		Release|Any CPU = Release|Any CPU
	EndGlobalSection
	GlobalSection(ProjectConfigurationPlatforms) = postSolution
		{BA2225B5-10BD-470A-9F1B-AC1DFDAFA40A}.Debug|Any CPU.ActiveCfg = Debug|Any CPU
		{BA2225B5-10BD-470A-9F1B-AC1DFDAFA40A}.Debug|Any CPU.Build.0 = Debug|Any CPU
		{BA2225B5-10BD-470A-9F1B-AC1DFDAFA40A}.Release|Any CPU.ActiveCfg = Release|Any CPU
		{BA2225B5-10BD-470A-9F1B-AC1DFDAFA40A}.Release|Any CPU.Build.0 = Release|Any CPU
	EndGlobalSection
	GlobalSection(SolutionProperties) = preSolution
		HideSolutionNode = FALSE
	EndGlobalSection
	GlobalSection(ExtensibilityGlobals) = postSolution
		SolutionGuid = {3D7A4A79-9A02-4BDC-BF8D-16D6C9B49259}
	EndGlobalSection
EndGlobal
