
Microsoft Visual Studio Solution File, Format Version 12.00
# Visual Studio Version 17
VisualStudioVersion = 17.0.31903.59
MinimumVisualStudioVersion = 10.0.40219.1
Project("{FAE04EC0-301F-11D3-BF4B-00C04F79EFBC}") = "More flexible SQL Server free-text search", "More flexible SQL Server free-text search\More flexible SQL Server free-text search.csproj", "{D1F39B80-3CF4-443E-A805-E2428154EEA4}"
EndProject
Global
	GlobalSection(SolutionConfigurationPlatforms) = preSolution
		Debug|Any CPU = Debug|Any CPU
		Release|Any CPU = Release|Any CPU
	EndGlobalSection
	GlobalSection(ProjectConfigurationPlatforms) = postSolution
		{D1F39B80-3CF4-443E-A805-E2428154EEA4}.Debug|Any CPU.ActiveCfg = Debug|Any CPU
		{D1F39B80-3CF4-443E-A805-E2428154EEA4}.Debug|Any CPU.Build.0 = Debug|Any CPU
		{D1F39B80-3CF4-443E-A805-E2428154EEA4}.Release|Any CPU.ActiveCfg = Release|Any CPU
		{D1F39B80-3CF4-443E-A805-E2428154EEA4}.Release|Any CPU.Build.0 = Release|Any CPU
	EndGlobalSection
	GlobalSection(SolutionProperties) = preSolution
		HideSolutionNode = FALSE
	EndGlobalSection
	GlobalSection(ExtensibilityGlobals) = postSolution
		SolutionGuid = {DBA18179-DA8E-4AA7-9149-8DF97B67F6D8}
	EndGlobalSection
EndGlobal
