
Microsoft Visual Studio Solution File, Format Version 12.00
# Visual Studio Version 17
VisualStudioVersion = 17.0.32014.148
MinimumVisualStudioVersion = 10.0.40219.1
Project("{FAE04EC0-301F-11D3-BF4B-00C04F79EFBC}") = "Caller expression attribute", "Caller expression attribute\Caller expression attribute.csproj", "{F66A4233-25AA-4E12-9426-D272AE43563B}"
EndProject
Global
	GlobalSection(SolutionConfigurationPlatforms) = preSolution
		Debug|Any CPU = Debug|Any CPU
		Release|Any CPU = Release|Any CPU
	EndGlobalSection
	GlobalSection(ProjectConfigurationPlatforms) = postSolution
		{F66A4233-25AA-4E12-9426-D272AE43563B}.Debug|Any CPU.ActiveCfg = Debug|Any CPU
		{F66A4233-25AA-4E12-9426-D272AE43563B}.Debug|Any CPU.Build.0 = Debug|Any CPU
		{F66A4233-25AA-4E12-9426-D272AE43563B}.Release|Any CPU.ActiveCfg = Release|Any CPU
		{F66A4233-25AA-4E12-9426-D272AE43563B}.Release|Any CPU.Build.0 = Release|Any CPU
	EndGlobalSection
	GlobalSection(SolutionProperties) = preSolution
		HideSolutionNode = FALSE
	EndGlobalSection
	GlobalSection(ExtensibilityGlobals) = postSolution
		SolutionGuid = {E312551E-AE14-4AB3-9C1B-067005EB95A7}
	EndGlobalSection
EndGlobal
