
Microsoft Visual Studio Solution File, Format Version 12.00
# Visual Studio Version 17
VisualStudioVersion = 17.0.31903.59
MinimumVisualStudioVersion = 10.0.40219.1
Project("{FAE04EC0-301F-11D3-BF4B-00C04F79EFBC}") = "Cosmos String Translations", "Cosmos String Translations\Cosmos String Translations.csproj", "{D5F5A659-7132-4F7C-9803-7B7E65D64869}"
EndProject
Global
	GlobalSection(SolutionConfigurationPlatforms) = preSolution
		Debug|Any CPU = Debug|Any CPU
		Release|Any CPU = Release|Any CPU
	EndGlobalSection
	GlobalSection(ProjectConfigurationPlatforms) = postSolution
		{D5F5A659-7132-4F7C-9803-7B7E65D64869}.Debug|Any CPU.ActiveCfg = Debug|Any CPU
		{D5F5A659-7132-4F7C-9803-7B7E65D64869}.Debug|Any CPU.Build.0 = Debug|Any CPU
		{D5F5A659-7132-4F7C-9803-7B7E65D64869}.Release|Any CPU.ActiveCfg = Release|Any CPU
		{D5F5A659-7132-4F7C-9803-7B7E65D64869}.Release|Any CPU.Build.0 = Release|Any CPU
	EndGlobalSection
	GlobalSection(SolutionProperties) = preSolution
		HideSolutionNode = FALSE
	EndGlobalSection
	GlobalSection(ExtensibilityGlobals) = postSolution
		SolutionGuid = {51E78DBA-641F-4497-B30C-73244373D697}
	EndGlobalSection
EndGlobal
