
Microsoft Visual Studio Solution File, Format Version 12.00
# Visual Studio Version 17
VisualStudioVersion = 17.0.31808.319
MinimumVisualStudioVersion = 10.0.40219.1
Project("{9A19103F-16F7-4668-BE54-9A1E7A4F7556}") = "SourceGenerators", "SourceGenerators\SourceGenerators.csproj", "{4FB7F742-2837-4B7C-9362-EA947EC3907C}"
EndProject
Global
	GlobalSection(SolutionConfigurationPlatforms) = preSolution
		Debug|Any CPU = Debug|Any CPU
		Release|Any CPU = Release|Any CPU
	EndGlobalSection
	GlobalSection(ProjectConfigurationPlatforms) = postSolution
		{4FB7F742-2837-4B7C-9362-EA947EC3907C}.Debug|Any CPU.ActiveCfg = Debug|Any CPU
		{4FB7F742-2837-4B7C-9362-EA947EC3907C}.Debug|Any CPU.Build.0 = Debug|Any CPU
		{4FB7F742-2837-4B7C-9362-EA947EC3907C}.Release|Any CPU.ActiveCfg = Release|Any CPU
		{4FB7F742-2837-4B7C-9362-EA947EC3907C}.Release|Any CPU.Build.0 = Release|Any CPU
	EndGlobalSection
	GlobalSection(SolutionProperties) = preSolution
		HideSolutionNode = FALSE
	EndGlobalSection
	GlobalSection(ExtensibilityGlobals) = postSolution
		SolutionGuid = {CC9C5829-8AF2-4ADA-990F-95C33A268A93}
	EndGlobalSection
EndGlobal
