
Microsoft Visual Studio Solution File, Format Version 12.00
# Visual Studio Version 17
VisualStudioVersion = 17.0.31903.59
MinimumVisualStudioVersion = 10.0.40219.1
Project("{FAE04EC0-301F-11D3-BF4B-00C04F79EFBC}") = "Database comments are scaffolded to code comments", "Database comments are scaffolded to code comments\Database comments are scaffolded to code comments.csproj", "{8A47B8E7-6AC9-4528-A014-4E7F4BCD00C5}"
EndProject
Global
	GlobalSection(SolutionConfigurationPlatforms) = preSolution
		Debug|Any CPU = Debug|Any CPU
		Release|Any CPU = Release|Any CPU
	EndGlobalSection
	GlobalSection(ProjectConfigurationPlatforms) = postSolution
		{8A47B8E7-6AC9-4528-A014-4E7F4BCD00C5}.Debug|Any CPU.ActiveCfg = Debug|Any CPU
		{8A47B8E7-6AC9-4528-A014-4E7F4BCD00C5}.Debug|Any CPU.Build.0 = Debug|Any CPU
		{8A47B8E7-6AC9-4528-A014-4E7F4BCD00C5}.Release|Any CPU.ActiveCfg = Release|Any CPU
		{8A47B8E7-6AC9-4528-A014-4E7F4BCD00C5}.Release|Any CPU.Build.0 = Release|Any CPU
	EndGlobalSection
	GlobalSection(SolutionProperties) = preSolution
		HideSolutionNode = FALSE
	EndGlobalSection
	GlobalSection(ExtensibilityGlobals) = postSolution
		SolutionGuid = {E0212155-459A-40CE-B49D-52472D8FC2D6}
	EndGlobalSection
EndGlobal
