
Microsoft Visual Studio Solution File, Format Version 12.00
# Visual Studio Version 17
VisualStudioVersion = 17.0.31710.8
MinimumVisualStudioVersion = 10.0.40219.1
Project("{FAE04EC0-301F-11D3-BF4B-00C04F79EFBC}") = "ZipLinq", "ZipLinq\ZipLinq.csproj", "{4FB851AF-95C5-44E9-8C73-5322D3D18E66}"
EndProject
Global
	GlobalSection(SolutionConfigurationPlatforms) = preSolution
		Debug|Any CPU = Debug|Any CPU
		Release|Any CPU = Release|Any CPU
	EndGlobalSection
	GlobalSection(ProjectConfigurationPlatforms) = postSolution
		{4FB851AF-95C5-44E9-8C73-5322D3D18E66}.Debug|Any CPU.ActiveCfg = Debug|Any CPU
		{4FB851AF-95C5-44E9-8C73-5322D3D18E66}.Debug|Any CPU.Build.0 = Debug|Any CPU
		{4FB851AF-95C5-44E9-8C73-5322D3D18E66}.Release|Any CPU.ActiveCfg = Release|Any CPU
		{4FB851AF-95C5-44E9-8C73-5322D3D18E66}.Release|Any CPU.Build.0 = Release|Any CPU
	EndGlobalSection
	GlobalSection(SolutionProperties) = preSolution
		HideSolutionNode = FALSE
	EndGlobalSection
	GlobalSection(ExtensibilityGlobals) = postSolution
		SolutionGuid = {6A6A808D-6CAE-4311-B43A-34D80D84A9F4}
	EndGlobalSection
EndGlobal
