
Microsoft Visual Studio Solution File, Format Version 12.00
# Visual Studio Version 17
VisualStudioVersion = 17.0.32014.148
MinimumVisualStudioVersion = 10.0.40219.1
Project("{FAE04EC0-301F-11D3-BF4B-00C04F79EFBC}") = "Use HTTP3 with HttpClient", "Use HTTP3 with HttpClient\Use HTTP3 with HttpClient.csproj", "{350DF4E8-5180-4356-A981-85DC1CB16F03}"
EndProject
Global
	GlobalSection(SolutionConfigurationPlatforms) = preSolution
		Debug|Any CPU = Debug|Any CPU
		Release|Any CPU = Release|Any CPU
	EndGlobalSection
	GlobalSection(ProjectConfigurationPlatforms) = postSolution
		{350DF4E8-5180-4356-A981-85DC1CB16F03}.Debug|Any CPU.ActiveCfg = Debug|Any CPU
		{350DF4E8-5180-4356-A981-85DC1CB16F03}.Debug|Any CPU.Build.0 = Debug|Any CPU
		{350DF4E8-5180-4356-A981-85DC1CB16F03}.Release|Any CPU.ActiveCfg = Release|Any CPU
		{350DF4E8-5180-4356-A981-85DC1CB16F03}.Release|Any CPU.Build.0 = Release|Any CPU
	EndGlobalSection
	GlobalSection(SolutionProperties) = preSolution
		HideSolutionNode = FALSE
	EndGlobalSection
	GlobalSection(ExtensibilityGlobals) = postSolution
		SolutionGuid = {96A362FD-2FF1-44A7-8613-09AF8691E31B}
	EndGlobalSection
EndGlobal
