
Microsoft Visual Studio Solution File, Format Version 12.00
# Visual Studio Version 17
VisualStudioVersion = 17.0.31710.8
MinimumVisualStudioVersion = 10.0.40219.1
Project("{FAE04EC0-301F-11D3-BF4B-00C04F79EFBC}") = "WriteRawJson", "WriteRawJson\WriteRawJson.csproj", "{424FBEA5-ADF1-4606-938C-1444908F9BB5}"
EndProject
Global
	GlobalSection(SolutionConfigurationPlatforms) = preSolution
		Debug|Any CPU = Debug|Any CPU
		Release|Any CPU = Release|Any CPU
	EndGlobalSection
	GlobalSection(ProjectConfigurationPlatforms) = postSolution
		{424FBEA5-ADF1-4606-938C-1444908F9BB5}.Debug|Any CPU.ActiveCfg = Debug|Any CPU
		{424FBEA5-ADF1-4606-938C-1444908F9BB5}.Debug|Any CPU.Build.0 = Debug|Any CPU
		{424FBEA5-ADF1-4606-938C-1444908F9BB5}.Release|Any CPU.ActiveCfg = Release|Any CPU
		{424FBEA5-ADF1-4606-938C-1444908F9BB5}.Release|Any CPU.Build.0 = Release|Any CPU
	EndGlobalSection
	GlobalSection(SolutionProperties) = preSolution
		HideSolutionNode = FALSE
	EndGlobalSection
	GlobalSection(ExtensibilityGlobals) = postSolution
		SolutionGuid = {7A98939C-062A-4B75-B23E-5435289C752D}
	EndGlobalSection
EndGlobal
