
Microsoft Visual Studio Solution File, Format Version 12.00
# Visual Studio Version 17
VisualStudioVersion = 17.0.32014.148
MinimumVisualStudioVersion = 10.0.40219.1
Project("{FAE04EC0-301F-11D3-BF4B-00C04F79EFBC}") = "Http3Server", "Http3Server\Http3Server.csproj", "{1BFD0DB7-5529-49C6-ADA4-B2FD43E25CD4}"
EndProject
Global
	GlobalSection(SolutionConfigurationPlatforms) = preSolution
		Debug|Any CPU = Debug|Any CPU
		Release|Any CPU = Release|Any CPU
	EndGlobalSection
	GlobalSection(ProjectConfigurationPlatforms) = postSolution
		{1BFD0DB7-5529-49C6-ADA4-B2FD43E25CD4}.Debug|Any CPU.ActiveCfg = Debug|Any CPU
		{1BFD0DB7-5529-49C6-ADA4-B2FD43E25CD4}.Debug|Any CPU.Build.0 = Debug|Any CPU
		{1BFD0DB7-5529-49C6-ADA4-B2FD43E25CD4}.Release|Any CPU.ActiveCfg = Release|Any CPU
		{1BFD0DB7-5529-49C6-ADA4-B2FD43E25CD4}.Release|Any CPU.Build.0 = Release|Any CPU
	EndGlobalSection
	GlobalSection(SolutionProperties) = preSolution
		HideSolutionNode = FALSE
	EndGlobalSection
	GlobalSection(ExtensibilityGlobals) = postSolution
		SolutionGuid = {53817990-F059-4F7D-8413-AF4AA5ADEB6B}
	EndGlobalSection
EndGlobal
