
Microsoft Visual Studio Solution File, Format Version 12.00
# Visual Studio Version 17
VisualStudioVersion = 17.0.31903.59
MinimumVisualStudioVersion = 10.0.40219.1
Project("{FAE04EC0-301F-11D3-BF4B-00C04F79EFBC}") = "Cosmos Default to implicit ownership", "Cosmos Default to implicit ownership\Cosmos Default to implicit ownership.csproj", "{8E438482-1C4D-4802-8E41-5454DCDEC58E}"
EndProject
Global
	GlobalSection(SolutionConfigurationPlatforms) = preSolution
		Debug|Any CPU = Debug|Any CPU
		Release|Any CPU = Release|Any CPU
	EndGlobalSection
	GlobalSection(ProjectConfigurationPlatforms) = postSolution
		{8E438482-1C4D-4802-8E41-5454DCDEC58E}.Debug|Any CPU.ActiveCfg = Debug|Any CPU
		{8E438482-1C4D-4802-8E41-5454DCDEC58E}.Debug|Any CPU.Build.0 = Debug|Any CPU
		{8E438482-1C4D-4802-8E41-5454DCDEC58E}.Release|Any CPU.ActiveCfg = Release|Any CPU
		{8E438482-1C4D-4802-8E41-5454DCDEC58E}.Release|Any CPU.Build.0 = Release|Any CPU
	EndGlobalSection
	GlobalSection(SolutionProperties) = preSolution
		HideSolutionNode = FALSE
	EndGlobalSection
	GlobalSection(ExtensibilityGlobals) = postSolution
		SolutionGuid = {18E61D70-8E44-4356-93BB-AF894106CC2D}
	EndGlobalSection
EndGlobal
