
Microsoft Visual Studio Solution File, Format Version 12.00
# Visual Studio Version 17
VisualStudioVersion = 17.0.31710.8
MinimumVisualStudioVersion = 10.0.40219.1
Project("{FAE04EC0-301F-11D3-BF4B-00C04F79EFBC}") = "LambdasExplicitReturnType", "LambdasExplicitReturnType\LambdasExplicitReturnType.csproj", "{77D61CAC-45AB-4555-8543-BA3AF39666A8}"
EndProject
Global
	GlobalSection(SolutionConfigurationPlatforms) = preSolution
		Debug|Any CPU = Debug|Any CPU
		Release|Any CPU = Release|Any CPU
	EndGlobalSection
	GlobalSection(ProjectConfigurationPlatforms) = postSolution
		{77D61CAC-45AB-4555-8543-BA3AF39666A8}.Debug|Any CPU.ActiveCfg = Debug|Any CPU
		{77D61CAC-45AB-4555-8543-BA3AF39666A8}.Debug|Any CPU.Build.0 = Debug|Any CPU
		{77D61CAC-45AB-4555-8543-BA3AF39666A8}.Release|Any CPU.ActiveCfg = Release|Any CPU
		{77D61CAC-45AB-4555-8543-BA3AF39666A8}.Release|Any CPU.Build.0 = Release|Any CPU
	EndGlobalSection
	GlobalSection(SolutionProperties) = preSolution
		HideSolutionNode = FALSE
	EndGlobalSection
	GlobalSection(ExtensibilityGlobals) = postSolution
		SolutionGuid = {66397B1C-D17F-44B8-9CDC-19F2D215146C}
	EndGlobalSection
EndGlobal
