
Microsoft Visual Studio Solution File, Format Version 12.00
# Visual Studio Version 17
VisualStudioVersion = 17.0.31903.59
MinimumVisualStudioVersion = 10.0.40219.1
Project("{FAE04EC0-301F-11D3-BF4B-00C04F79EFBC}") = "CosmosDiagnostics", "CosmosDiagnostics\CosmosDiagnostics.csproj", "{5FA7171C-AE8C-417E-A302-378F99764BAE}"
EndProject
Global
	GlobalSection(SolutionConfigurationPlatforms) = preSolution
		Debug|Any CPU = Debug|Any CPU
		Release|Any CPU = Release|Any CPU
	EndGlobalSection
	GlobalSection(ProjectConfigurationPlatforms) = postSolution
		{5FA7171C-AE8C-417E-A302-378F99764BAE}.Debug|Any CPU.ActiveCfg = Debug|Any CPU
		{5FA7171C-AE8C-417E-A302-378F99764BAE}.Debug|Any CPU.Build.0 = Debug|Any CPU
		{5FA7171C-AE8C-417E-A302-378F99764BAE}.Release|Any CPU.ActiveCfg = Release|Any CPU
		{5FA7171C-AE8C-417E-A302-378F99764BAE}.Release|Any CPU.Build.0 = Release|Any CPU
	EndGlobalSection
	GlobalSection(SolutionProperties) = preSolution
		HideSolutionNode = FALSE
	EndGlobalSection
	GlobalSection(ExtensibilityGlobals) = postSolution
		SolutionGuid = {49F177DC-A205-4148-B7B1-91581FD6A7D3}
	EndGlobalSection
EndGlobal
