
Microsoft Visual Studio Solution File, Format Version 12.00
# Visual Studio Version 17
VisualStudioVersion = 17.0.31808.319
MinimumVisualStudioVersion = 10.0.40219.1
Project("{FAE04EC0-301F-11D3-BF4B-00C04F79EFBC}") = "Faster handling of structs as Dictionary values", "Faster handling of structs as Dictionary values\Faster handling of structs as Dictionary values.csproj", "{B2476D2A-0DA5-4042-A694-1D8D888346CA}"
EndProject
Global
	GlobalSection(SolutionConfigurationPlatforms) = preSolution
		Debug|Any CPU = Debug|Any CPU
		Release|Any CPU = Release|Any CPU
	EndGlobalSection
	GlobalSection(ProjectConfigurationPlatforms) = postSolution
		{B2476D2A-0DA5-4042-A694-1D8D888346CA}.Debug|Any CPU.ActiveCfg = Debug|Any CPU
		{B2476D2A-0DA5-4042-A694-1D8D888346CA}.Debug|Any CPU.Build.0 = Debug|Any CPU
		{B2476D2A-0DA5-4042-A694-1D8D888346CA}.Release|Any CPU.ActiveCfg = Release|Any CPU
		{B2476D2A-0DA5-4042-A694-1D8D888346CA}.Release|Any CPU.Build.0 = Release|Any CPU
	EndGlobalSection
	GlobalSection(SolutionProperties) = preSolution
		HideSolutionNode = FALSE
	EndGlobalSection
	GlobalSection(ExtensibilityGlobals) = postSolution
		SolutionGuid = {41391BAF-0E7A-4AD5-BE24-4E0EF356C025}
	EndGlobalSection
EndGlobal
