
Microsoft Visual Studio Solution File, Format Version 12.00
# Visual Studio Version 17
VisualStudioVersion = 17.0.31903.59
MinimumVisualStudioVersion = 10.0.40219.1
Project("{FAE04EC0-301F-11D3-BF4B-00C04F79EFBC}") = "Cosmos FromSql", "Cosmos FromSql\Cosmos FromSql.csproj", "{28C14956-3AD3-4F4A-A8BD-76EC1DB62735}"
EndProject
Global
	GlobalSection(SolutionConfigurationPlatforms) = preSolution
		Debug|Any CPU = Debug|Any CPU
		Release|Any CPU = Release|Any CPU
	EndGlobalSection
	GlobalSection(ProjectConfigurationPlatforms) = postSolution
		{28C14956-3AD3-4F4A-A8BD-76EC1DB62735}.Debug|Any CPU.ActiveCfg = Debug|Any CPU
		{28C14956-3AD3-4F4A-A8BD-76EC1DB62735}.Debug|Any CPU.Build.0 = Debug|Any CPU
		{28C14956-3AD3-4F4A-A8BD-76EC1DB62735}.Release|Any CPU.ActiveCfg = Release|Any CPU
		{28C14956-3AD3-4F4A-A8BD-76EC1DB62735}.Release|Any CPU.Build.0 = Release|Any CPU
	EndGlobalSection
	GlobalSection(SolutionProperties) = preSolution
		HideSolutionNode = FALSE
	EndGlobalSection
	GlobalSection(ExtensibilityGlobals) = postSolution
		SolutionGuid = {608D26B2-535A-404F-8C79-55F4B904A7EA}
	EndGlobalSection
EndGlobal
