
Microsoft Visual Studio Solution File, Format Version 12.00
# Visual Studio Version 17
VisualStudioVersion = 17.0.31825.309
MinimumVisualStudioVersion = 10.0.40219.1
Project("{FAE04EC0-301F-11D3-BF4B-00C04F79EFBC}") = "EntityTypeConfigurationAttribute", "EntityTypeConfigurationAttribute\EntityTypeConfigurationAttribute.csproj", "{3E0DB4B6-04DE-4683-9152-52708FC676EA}"
EndProject
Global
	GlobalSection(SolutionConfigurationPlatforms) = preSolution
		Debug|Any CPU = Debug|Any CPU
		Release|Any CPU = Release|Any CPU
	EndGlobalSection
	GlobalSection(ProjectConfigurationPlatforms) = postSolution
		{3E0DB4B6-04DE-4683-9152-52708FC676EA}.Debug|Any CPU.ActiveCfg = Debug|Any CPU
		{3E0DB4B6-04DE-4683-9152-52708FC676EA}.Debug|Any CPU.Build.0 = Debug|Any CPU
		{3E0DB4B6-04DE-4683-9152-52708FC676EA}.Release|Any CPU.ActiveCfg = Release|Any CPU
		{3E0DB4B6-04DE-4683-9152-52708FC676EA}.Release|Any CPU.Build.0 = Release|Any CPU
	EndGlobalSection
	GlobalSection(SolutionProperties) = preSolution
		HideSolutionNode = FALSE
	EndGlobalSection
	GlobalSection(ExtensibilityGlobals) = postSolution
		SolutionGuid = {423B8B85-99EB-4ABA-AAAB-0E589F8CF535}
	EndGlobalSection
EndGlobal
