
Microsoft Visual Studio Solution File, Format Version 12.00
# Visual Studio Version 17
VisualStudioVersion = 17.0.32014.148
MinimumVisualStudioVersion = 10.0.40219.1
Project("{FAE04EC0-301F-11D3-BF4B-00C04F79EFBC}") = "TimeZones", "TimeZones\TimeZones.csproj", "{8DE243A3-0C0E-4930-ADDF-FF410A53754A}"
EndProject
Global
	GlobalSection(SolutionConfigurationPlatforms) = preSolution
		Debug|Any CPU = Debug|Any CPU
		Release|Any CPU = Release|Any CPU
	EndGlobalSection
	GlobalSection(ProjectConfigurationPlatforms) = postSolution
		{8DE243A3-0C0E-4930-ADDF-FF410A53754A}.Debug|Any CPU.ActiveCfg = Debug|Any CPU
		{8DE243A3-0C0E-4930-ADDF-FF410A53754A}.Debug|Any CPU.Build.0 = Debug|Any CPU
		{8DE243A3-0C0E-4930-ADDF-FF410A53754A}.Release|Any CPU.ActiveCfg = Release|Any CPU
		{8DE243A3-0C0E-4930-ADDF-FF410A53754A}.Release|Any CPU.Build.0 = Release|Any CPU
	EndGlobalSection
	GlobalSection(SolutionProperties) = preSolution
		HideSolutionNode = FALSE
	EndGlobalSection
	GlobalSection(ExtensibilityGlobals) = postSolution
		SolutionGuid = {6B1E8D4E-1371-4622-AD0E-76AC107DC199}
	EndGlobalSection
EndGlobal
