
Microsoft Visual Studio Solution File, Format Version 12.00
# Visual Studio Version 17
VisualStudioVersion = 17.0.32014.148
MinimumVisualStudioVersion = 10.0.40219.1
Project("{FAE04EC0-301F-11D3-BF4B-00C04F79EFBC}") = "InMemory Validates Required Properties", "InMemory Validates Required Properties\InMemory Validates Required Properties.csproj", "{AA5196B5-945D-491D-8C4F-8439291E792D}"
EndProject
Global
	GlobalSection(SolutionConfigurationPlatforms) = preSolution
		Debug|Any CPU = Debug|Any CPU
		Release|Any CPU = Release|Any CPU
	EndGlobalSection
	GlobalSection(ProjectConfigurationPlatforms) = postSolution
		{AA5196B5-945D-491D-8C4F-8439291E792D}.Debug|Any CPU.ActiveCfg = Debug|Any CPU
		{AA5196B5-945D-491D-8C4F-8439291E792D}.Debug|Any CPU.Build.0 = Debug|Any CPU
		{AA5196B5-945D-491D-8C4F-8439291E792D}.Release|Any CPU.ActiveCfg = Release|Any CPU
		{AA5196B5-945D-491D-8C4F-8439291E792D}.Release|Any CPU.Build.0 = Release|Any CPU
	EndGlobalSection
	GlobalSection(SolutionProperties) = preSolution
		HideSolutionNode = FALSE
	EndGlobalSection
	GlobalSection(ExtensibilityGlobals) = postSolution
		SolutionGuid = {53CE5DA5-7456-47F5-B7CD-E4B558E84962}
	EndGlobalSection
EndGlobal
