
Microsoft Visual Studio Solution File, Format Version 12.00
# Visual Studio Version 17
VisualStudioVersion = 17.0.31710.8
MinimumVisualStudioVersion = 10.0.40219.1
Project("{FAE04EC0-301F-11D3-BF4B-00C04F79EFBC}") = "IgnoreCycles", "IgnoreCycles\IgnoreCycles.csproj", "{F835130D-4069-435C-B5E7-B9BCCC049131}"
EndProject
Global
	GlobalSection(SolutionConfigurationPlatforms) = preSolution
		Debug|Any CPU = Debug|Any CPU
		Release|Any CPU = Release|Any CPU
	EndGlobalSection
	GlobalSection(ProjectConfigurationPlatforms) = postSolution
		{F835130D-4069-435C-B5E7-B9BCCC049131}.Debug|Any CPU.ActiveCfg = Debug|Any CPU
		{F835130D-4069-435C-B5E7-B9BCCC049131}.Debug|Any CPU.Build.0 = Debug|Any CPU
		{F835130D-4069-435C-B5E7-B9BCCC049131}.Release|Any CPU.ActiveCfg = Release|Any CPU
		{F835130D-4069-435C-B5E7-B9BCCC049131}.Release|Any CPU.Build.0 = Release|Any CPU
	EndGlobalSection
	GlobalSection(SolutionProperties) = preSolution
		HideSolutionNode = FALSE
	EndGlobalSection
	GlobalSection(ExtensibilityGlobals) = postSolution
		SolutionGuid = {3DF08049-8B1B-4819-A560-506778CDDC0D}
	EndGlobalSection
EndGlobal
