
Microsoft Visual Studio Solution File, Format Version 12.00
# Visual Studio Version 17
VisualStudioVersion = 17.0.31825.309
MinimumVisualStudioVersion = 10.0.40219.1
Project("{FAE04EC0-301F-11D3-BF4B-00C04F79EFBC}") = "PrecisionAttribute", "PrecisionAttribute\PrecisionAttribute.csproj", "{889318CC-C154-46FB-B552-BD8A86F6B549}"
EndProject
Global
	GlobalSection(SolutionConfigurationPlatforms) = preSolution
		Debug|Any CPU = Debug|Any CPU
		Release|Any CPU = Release|Any CPU
	EndGlobalSection
	GlobalSection(ProjectConfigurationPlatforms) = postSolution
		{889318CC-C154-46FB-B552-BD8A86F6B549}.Debug|Any CPU.ActiveCfg = Debug|Any CPU
		{889318CC-C154-46FB-B552-BD8A86F6B549}.Debug|Any CPU.Build.0 = Debug|Any CPU
		{889318CC-C154-46FB-B552-BD8A86F6B549}.Release|Any CPU.ActiveCfg = Release|Any CPU
		{889318CC-C154-46FB-B552-BD8A86F6B549}.Release|Any CPU.Build.0 = Release|Any CPU
	EndGlobalSection
	GlobalSection(SolutionProperties) = preSolution
		HideSolutionNode = FALSE
	EndGlobalSection
	GlobalSection(ExtensibilityGlobals) = postSolution
		SolutionGuid = {FB861454-E7D0-4657-8C62-2154EE00C94C}
	EndGlobalSection
EndGlobal
