
Microsoft Visual Studio Solution File, Format Version 12.00
# Visual Studio Version 17
VisualStudioVersion = 17.0.31903.59
MinimumVisualStudioVersion = 10.0.40219.1
Project("{FAE04EC0-301F-11D3-BF4B-00C04F79EFBC}") = "MigrationBundles", "MigrationBundles\MigrationBundles.csproj", "{EE939AFA-FE81-4C98-BC15-3A63188C4E40}"
EndProject
Global
	GlobalSection(SolutionConfigurationPlatforms) = preSolution
		Debug|Any CPU = Debug|Any CPU
		Release|Any CPU = Release|Any CPU
	EndGlobalSection
	GlobalSection(ProjectConfigurationPlatforms) = postSolution
		{EE939AFA-FE81-4C98-BC15-3A63188C4E40}.Debug|Any CPU.ActiveCfg = Debug|Any CPU
		{EE939AFA-FE81-4C98-BC15-3A63188C4E40}.Debug|Any CPU.Build.0 = Debug|Any CPU
		{EE939AFA-FE81-4C98-BC15-3A63188C4E40}.Release|Any CPU.ActiveCfg = Release|Any CPU
		{EE939AFA-FE81-4C98-BC15-3A63188C4E40}.Release|Any CPU.Build.0 = Release|Any CPU
	EndGlobalSection
	GlobalSection(SolutionProperties) = preSolution
		HideSolutionNode = FALSE
	EndGlobalSection
	GlobalSection(ExtensibilityGlobals) = postSolution
		SolutionGuid = {221C5E1E-E848-47C3-A207-BAC7A6A6B52B}
	EndGlobalSection
EndGlobal
