
Microsoft Visual Studio Solution File, Format Version 12.00
# Visual Studio Version 17
VisualStudioVersion = 17.0.32014.148
MinimumVisualStudioVersion = 10.0.40219.1
Project("{FAE04EC0-301F-11D3-BF4B-00C04F79EFBC}") = "Custom string interpolation handler", "Custom string interpolation handler\Custom string interpolation handler.csproj", "{EABA1001-5D28-44EF-862F-21399344109A}"
EndProject
Global
	GlobalSection(SolutionConfigurationPlatforms) = preSolution
		Debug|Any CPU = Debug|Any CPU
		Release|Any CPU = Release|Any CPU
	EndGlobalSection
	GlobalSection(ProjectConfigurationPlatforms) = postSolution
		{EABA1001-5D28-44EF-862F-21399344109A}.Debug|Any CPU.ActiveCfg = Debug|Any CPU
		{EABA1001-5D28-44EF-862F-21399344109A}.Debug|Any CPU.Build.0 = Debug|Any CPU
		{EABA1001-5D28-44EF-862F-21399344109A}.Release|Any CPU.ActiveCfg = Release|Any CPU
		{EABA1001-5D28-44EF-862F-21399344109A}.Release|Any CPU.Build.0 = Release|Any CPU
	EndGlobalSection
	GlobalSection(SolutionProperties) = preSolution
		HideSolutionNode = FALSE
	EndGlobalSection
	GlobalSection(ExtensibilityGlobals) = postSolution
		SolutionGuid = {1FF6F802-C7CF-464D-8DB5-6D3781CE1B40}
	EndGlobalSection
EndGlobal
