
Microsoft Visual Studio Solution File, Format Version 12.00
# Visual Studio Version 17
VisualStudioVersion = 17.0.31903.59
MinimumVisualStudioVersion = 10.0.40219.1
Project("{FAE04EC0-301F-11D3-BF4B-00C04F79EFBC}") = "AddDbContextFactory also registers DbContext directly", "AddDbContextFactory also registers DbContext directly\AddDbContextFactory also registers DbContext directly.csproj", "{6AACF178-C5E4-4B28-89B7-7145DF7963DD}"
EndProject
Global
	GlobalSection(SolutionConfigurationPlatforms) = preSolution
		Debug|Any CPU = Debug|Any CPU
		Release|Any CPU = Release|Any CPU
	EndGlobalSection
	GlobalSection(ProjectConfigurationPlatforms) = postSolution
		{6AACF178-C5E4-4B28-89B7-7145DF7963DD}.Debug|Any CPU.ActiveCfg = Debug|Any CPU
		{6AACF178-C5E4-4B28-89B7-7145DF7963DD}.Debug|Any CPU.Build.0 = Debug|Any CPU
		{6AACF178-C5E4-4B28-89B7-7145DF7963DD}.Release|Any CPU.ActiveCfg = Release|Any CPU
		{6AACF178-C5E4-4B28-89B7-7145DF7963DD}.Release|Any CPU.Build.0 = Release|Any CPU
	EndGlobalSection
	GlobalSection(SolutionProperties) = preSolution
		HideSolutionNode = FALSE
	EndGlobalSection
	GlobalSection(ExtensibilityGlobals) = postSolution
		SolutionGuid = {78A1D8C5-4DC4-4593-8918-4F229DF8F9F3}
	EndGlobalSection
EndGlobal
