
Microsoft Visual Studio Solution File, Format Version 12.00
# Visual Studio Version 17
VisualStudioVersion = 17.0.31808.319
MinimumVisualStudioVersion = 10.0.40219.1
Project("{FAE04EC0-301F-11D3-BF4B-00C04F79EFBC}") = "MetricsAPI", "MetricsAPI\MetricsAPI.csproj", "{4BAF95D7-88CD-4BDA-9D6A-FE42A171C60E}"
EndProject
Global
	GlobalSection(SolutionConfigurationPlatforms) = preSolution
		Debug|Any CPU = Debug|Any CPU
		Release|Any CPU = Release|Any CPU
	EndGlobalSection
	GlobalSection(ProjectConfigurationPlatforms) = postSolution
		{4BAF95D7-88CD-4BDA-9D6A-FE42A171C60E}.Debug|Any CPU.ActiveCfg = Debug|Any CPU
		{4BAF95D7-88CD-4BDA-9D6A-FE42A171C60E}.Debug|Any CPU.Build.0 = Debug|Any CPU
		{4BAF95D7-88CD-4BDA-9D6A-FE42A171C60E}.Release|Any CPU.ActiveCfg = Release|Any CPU
		{4BAF95D7-88CD-4BDA-9D6A-FE42A171C60E}.Release|Any CPU.Build.0 = Release|Any CPU
	EndGlobalSection
	GlobalSection(SolutionProperties) = preSolution
		HideSolutionNode = FALSE
	EndGlobalSection
	GlobalSection(ExtensibilityGlobals) = postSolution
		SolutionGuid = {6B8F36C2-EB69-4689-81DC-3CABB7A2263F}
	EndGlobalSection
EndGlobal
