
Microsoft Visual Studio Solution File, Format Version 12.00
# Visual Studio Version 17
VisualStudioVersion = 17.0.32014.148
MinimumVisualStudioVersion = 10.0.40219.1
Project("{F2A71F9B-5D33-465A-A702-920D77279786}") = "Map has Keys and Values", "Map has Keys and Values\Map has Keys and Values.fsproj", "{EB67D3F7-E2EB-4021-B264-0734C1B098AE}"
EndProject
Global
	GlobalSection(SolutionConfigurationPlatforms) = preSolution
		Debug|Any CPU = Debug|Any CPU
		Release|Any CPU = Release|Any CPU
	EndGlobalSection
	GlobalSection(ProjectConfigurationPlatforms) = postSolution
		{EB67D3F7-E2EB-4021-B264-0734C1B098AE}.Debug|Any CPU.ActiveCfg = Debug|Any CPU
		{EB67D3F7-E2EB-4021-B264-0734C1B098AE}.Debug|Any CPU.Build.0 = Debug|Any CPU
		{EB67D3F7-E2EB-4021-B264-0734C1B098AE}.Release|Any CPU.ActiveCfg = Release|Any CPU
		{EB67D3F7-E2EB-4021-B264-0734C1B098AE}.Release|Any CPU.Build.0 = Release|Any CPU
	EndGlobalSection
	GlobalSection(SolutionProperties) = preSolution
		HideSolutionNode = FALSE
	EndGlobalSection
	GlobalSection(ExtensibilityGlobals) = postSolution
		SolutionGuid = {C7F617ED-96E6-432C-907C-34D9F5B716EE}
	EndGlobalSection
EndGlobal
