
Microsoft Visual Studio Solution File, Format Version 12.00
# Visual Studio Version 17
VisualStudioVersion = 17.0.31903.59
MinimumVisualStudioVersion = 10.0.40219.1
Project("{FAE04EC0-301F-11D3-BF4B-00C04F79EFBC}") = "Remove last ORDER BY clause", "Remove last ORDER BY clause\Remove last ORDER BY clause.csproj", "{59636369-A79D-42EA-B9FE-9AC245239626}"
EndProject
Global
	GlobalSection(SolutionConfigurationPlatforms) = preSolution
		Debug|Any CPU = Debug|Any CPU
		Release|Any CPU = Release|Any CPU
	EndGlobalSection
	GlobalSection(ProjectConfigurationPlatforms) = postSolution
		{59636369-A79D-42EA-B9FE-9AC245239626}.Debug|Any CPU.ActiveCfg = Debug|Any CPU
		{59636369-A79D-42EA-B9FE-9AC245239626}.Debug|Any CPU.Build.0 = Debug|Any CPU
		{59636369-A79D-42EA-B9FE-9AC245239626}.Release|Any CPU.ActiveCfg = Release|Any CPU
		{59636369-A79D-42EA-B9FE-9AC245239626}.Release|Any CPU.Build.0 = Release|Any CPU
	EndGlobalSection
	GlobalSection(SolutionProperties) = preSolution
		HideSolutionNode = FALSE
	EndGlobalSection
	GlobalSection(ExtensibilityGlobals) = postSolution
		SolutionGuid = {BCEF6BD6-AD5A-4804-BFD0-12B7825835D7}
	EndGlobalSection
EndGlobal
