
Microsoft Visual Studio Solution File, Format Version 12.00
# Visual Studio Version 17
VisualStudioVersion = 17.0.31903.59
MinimumVisualStudioVersion = 10.0.40219.1
Project("{FAE04EC0-301F-11D3-BF4B-00C04F79EFBC}") = "Cosmos configure throughput", "Cosmos configure throughput\Cosmos configure throughput.csproj", "{66688953-ACC0-47B0-BF4B-147FEB946C61}"
EndProject
Global
	GlobalSection(SolutionConfigurationPlatforms) = preSolution
		Debug|Any CPU = Debug|Any CPU
		Release|Any CPU = Release|Any CPU
	EndGlobalSection
	GlobalSection(ProjectConfigurationPlatforms) = postSolution
		{66688953-ACC0-47B0-BF4B-147FEB946C61}.Debug|Any CPU.ActiveCfg = Debug|Any CPU
		{66688953-ACC0-47B0-BF4B-147FEB946C61}.Debug|Any CPU.Build.0 = Debug|Any CPU
		{66688953-ACC0-47B0-BF4B-147FEB946C61}.Release|Any CPU.ActiveCfg = Release|Any CPU
		{66688953-ACC0-47B0-BF4B-147FEB946C61}.Release|Any CPU.Build.0 = Release|Any CPU
	EndGlobalSection
	GlobalSection(SolutionProperties) = preSolution
		HideSolutionNode = FALSE
	EndGlobalSection
	GlobalSection(ExtensibilityGlobals) = postSolution
		SolutionGuid = {85FD8A81-B8CA-4D38-9FD9-4C464F633751}
	EndGlobalSection
EndGlobal
