
Microsoft Visual Studio Solution File, Format Version 12.00
# Visual Studio Version 17
VisualStudioVersion = 17.0.31808.319
MinimumVisualStudioVersion = 10.0.40219.1
Project("{FAE04EC0-301F-11D3-BF4B-00C04F79EFBC}") = "ReadWriteFileAPI", "ReadWriteFileAPI\ReadWriteFileAPI.csproj", "{10204AA5-0D63-422C-BB7C-8F0F1DF8F3D0}"
EndProject
Global
	GlobalSection(SolutionConfigurationPlatforms) = preSolution
		Debug|Any CPU = Debug|Any CPU
		Release|Any CPU = Release|Any CPU
	EndGlobalSection
	GlobalSection(ProjectConfigurationPlatforms) = postSolution
		{10204AA5-0D63-422C-BB7C-8F0F1DF8F3D0}.Debug|Any CPU.ActiveCfg = Debug|Any CPU
		{10204AA5-0D63-422C-BB7C-8F0F1DF8F3D0}.Debug|Any CPU.Build.0 = Debug|Any CPU
		{10204AA5-0D63-422C-BB7C-8F0F1DF8F3D0}.Release|Any CPU.ActiveCfg = Release|Any CPU
		{10204AA5-0D63-422C-BB7C-8F0F1DF8F3D0}.Release|Any CPU.Build.0 = Release|Any CPU
	EndGlobalSection
	GlobalSection(SolutionProperties) = preSolution
		HideSolutionNode = FALSE
	EndGlobalSection
	GlobalSection(ExtensibilityGlobals) = postSolution
		SolutionGuid = {702D3059-0654-427D-858A-DFBC62F0AD40}
	EndGlobalSection
EndGlobal
