
Microsoft Visual Studio Solution File, Format Version 12.00
# Visual Studio Version 17
VisualStudioVersion = 17.0.31903.59
MinimumVisualStudioVersion = 10.0.40219.1
Project("{FAE04EC0-301F-11D3-BF4B-00C04F79EFBC}") = "Tag queries with file name and line number", "Tag queries with file name and line number\Tag queries with file name and line number.csproj", "{008F0051-029B-4B56-A9C2-2A776D2C1160}"
EndProject
Global
	GlobalSection(SolutionConfigurationPlatforms) = preSolution
		Debug|Any CPU = Debug|Any CPU
		Release|Any CPU = Release|Any CPU
	EndGlobalSection
	GlobalSection(ProjectConfigurationPlatforms) = postSolution
		{008F0051-029B-4B56-A9C2-2A776D2C1160}.Debug|Any CPU.ActiveCfg = Debug|Any CPU
		{008F0051-029B-4B56-A9C2-2A776D2C1160}.Debug|Any CPU.Build.0 = Debug|Any CPU
		{008F0051-029B-4B56-A9C2-2A776D2C1160}.Release|Any CPU.ActiveCfg = Release|Any CPU
		{008F0051-029B-4B56-A9C2-2A776D2C1160}.Release|Any CPU.Build.0 = Release|Any CPU
	EndGlobalSection
	GlobalSection(SolutionProperties) = preSolution
		HideSolutionNode = FALSE
	EndGlobalSection
	GlobalSection(ExtensibilityGlobals) = postSolution
		SolutionGuid = {7033DB69-0B0D-4376-A187-50860778349A}
	EndGlobalSection
EndGlobal
