
Microsoft Visual Studio Solution File, Format Version 12.00
# Visual Studio Version 17
VisualStudioVersion = 17.0.31710.8
MinimumVisualStudioVersion = 10.0.40219.1
Project("{FAE04EC0-301F-11D3-BF4B-00C04F79EFBC}") = "NullabilityInfoContext", "NullabilityInfoContext\NullabilityInfoContext.csproj", "{66672588-993E-4844-83EC-956BC2838267}"
EndProject
Global
	GlobalSection(SolutionConfigurationPlatforms) = preSolution
		Debug|Any CPU = Debug|Any CPU
		Release|Any CPU = Release|Any CPU
	EndGlobalSection
	GlobalSection(ProjectConfigurationPlatforms) = postSolution
		{66672588-993E-4844-83EC-956BC2838267}.Debug|Any CPU.ActiveCfg = Debug|Any CPU
		{66672588-993E-4844-83EC-956BC2838267}.Debug|Any CPU.Build.0 = Debug|Any CPU
		{66672588-993E-4844-83EC-956BC2838267}.Release|Any CPU.ActiveCfg = Release|Any CPU
		{66672588-993E-4844-83EC-956BC2838267}.Release|Any CPU.Build.0 = Release|Any CPU
	EndGlobalSection
	GlobalSection(SolutionProperties) = preSolution
		HideSolutionNode = FALSE
	EndGlobalSection
	GlobalSection(ExtensibilityGlobals) = postSolution
		SolutionGuid = {42DE666C-EEE3-4EEB-A104-40EE3AEDDAF4}
	EndGlobalSection
EndGlobal
