
Microsoft Visual Studio Solution File, Format Version 12.00
# Visual Studio Version 17
VisualStudioVersion = 17.0.31710.8
MinimumVisualStudioVersion = 10.0.40219.1
Project("{FAE04EC0-301F-11D3-BF4B-00C04F79EFBC}") = "JsonSerializationNotifications", "JsonSerializationNotifications\JsonSerializationNotifications.csproj", "{B7373166-1619-4CD9-9850-18AA8C6A28CE}"
EndProject
Global
	GlobalSection(SolutionConfigurationPlatforms) = preSolution
		Debug|Any CPU = Debug|Any CPU
		Release|Any CPU = Release|Any CPU
	EndGlobalSection
	GlobalSection(ProjectConfigurationPlatforms) = postSolution
		{B7373166-1619-4CD9-9850-18AA8C6A28CE}.Debug|Any CPU.ActiveCfg = Debug|Any CPU
		{B7373166-1619-4CD9-9850-18AA8C6A28CE}.Debug|Any CPU.Build.0 = Debug|Any CPU
		{B7373166-1619-4CD9-9850-18AA8C6A28CE}.Release|Any CPU.ActiveCfg = Release|Any CPU
		{B7373166-1619-4CD9-9850-18AA8C6A28CE}.Release|Any CPU.Build.0 = Release|Any CPU
	EndGlobalSection
	GlobalSection(SolutionProperties) = preSolution
		HideSolutionNode = FALSE
	EndGlobalSection
	GlobalSection(ExtensibilityGlobals) = postSolution
		SolutionGuid = {4529C455-8E07-4AB6-A46E-860505825998}
	EndGlobalSection
EndGlobal
