
Microsoft Visual Studio Solution File, Format Version 12.00
# Visual Studio Version 17
VisualStudioVersion = 17.0.32014.148
MinimumVisualStudioVersion = 10.0.40219.1
Project("{F2A71F9B-5D33-465A-A702-920D77279786}") = "Task native support", "Task native support\Task native support.fsproj", "{8F563901-40E7-4A9D-A06E-88F34012D217}"
EndProject
Global
	GlobalSection(SolutionConfigurationPlatforms) = preSolution
		Debug|Any CPU = Debug|Any CPU
		Release|Any CPU = Release|Any CPU
	EndGlobalSection
	GlobalSection(ProjectConfigurationPlatforms) = postSolution
		{8F563901-40E7-4A9D-A06E-88F34012D217}.Debug|Any CPU.ActiveCfg = Debug|Any CPU
		{8F563901-40E7-4A9D-A06E-88F34012D217}.Debug|Any CPU.Build.0 = Debug|Any CPU
		{8F563901-40E7-4A9D-A06E-88F34012D217}.Release|Any CPU.ActiveCfg = Release|Any CPU
		{8F563901-40E7-4A9D-A06E-88F34012D217}.Release|Any CPU.Build.0 = Release|Any CPU
	EndGlobalSection
	GlobalSection(SolutionProperties) = preSolution
		HideSolutionNode = FALSE
	EndGlobalSection
	GlobalSection(ExtensibilityGlobals) = postSolution
		SolutionGuid = {19B1EEC9-F317-42BA-9BE9-B69831CBCA21}
	EndGlobalSection
EndGlobal
