
Microsoft Visual Studio Solution File, Format Version 12.00
# Visual Studio Version 17
VisualStudioVersion = 17.0.31808.319
MinimumVisualStudioVersion = 10.0.40219.1
Project("{FAE04EC0-301F-11D3-BF4B-00C04F79EFBC}") = "JsonDOM", "JsonDOM\JsonDOM.csproj", "{67854CC7-002E-4F86-B3D5-1CAEFF3BC825}"
EndProject
Global
	GlobalSection(SolutionConfigurationPlatforms) = preSolution
		Debug|Any CPU = Debug|Any CPU
		Release|Any CPU = Release|Any CPU
	EndGlobalSection
	GlobalSection(ProjectConfigurationPlatforms) = postSolution
		{67854CC7-002E-4F86-B3D5-1CAEFF3BC825}.Debug|Any CPU.ActiveCfg = Debug|Any CPU
		{67854CC7-002E-4F86-B3D5-1CAEFF3BC825}.Debug|Any CPU.Build.0 = Debug|Any CPU
		{67854CC7-002E-4F86-B3D5-1CAEFF3BC825}.Release|Any CPU.ActiveCfg = Release|Any CPU
		{67854CC7-002E-4F86-B3D5-1CAEFF3BC825}.Release|Any CPU.Build.0 = Release|Any CPU
	EndGlobalSection
	GlobalSection(SolutionProperties) = preSolution
		HideSolutionNode = FALSE
	EndGlobalSection
	GlobalSection(ExtensibilityGlobals) = postSolution
		SolutionGuid = {4A8931D5-EA77-48BC-BA25-CB734E9E8F0E}
	EndGlobalSection
EndGlobal
