
Microsoft Visual Studio Solution File, Format Version 12.00
# Visual Studio Version 17
VisualStudioVersion = 17.0.31903.59
MinimumVisualStudioVersion = 10.0.40219.1
Project("{FAE04EC0-301F-11D3-BF4B-00C04F79EFBC}") = "Split-queries for non-navigation collections", "Split-queries for non-navigation collections\Split-queries for non-navigation collections.csproj", "{EE68BA13-2B82-4861-BDD8-A582F1330E23}"
EndProject
Global
	GlobalSection(SolutionConfigurationPlatforms) = preSolution
		Debug|Any CPU = Debug|Any CPU
		Release|Any CPU = Release|Any CPU
	EndGlobalSection
	GlobalSection(ProjectConfigurationPlatforms) = postSolution
		{EE68BA13-2B82-4861-BDD8-A582F1330E23}.Debug|Any CPU.ActiveCfg = Debug|Any CPU
		{EE68BA13-2B82-4861-BDD8-A582F1330E23}.Debug|Any CPU.Build.0 = Debug|Any CPU
		{EE68BA13-2B82-4861-BDD8-A582F1330E23}.Release|Any CPU.ActiveCfg = Release|Any CPU
		{EE68BA13-2B82-4861-BDD8-A582F1330E23}.Release|Any CPU.Build.0 = Release|Any CPU
	EndGlobalSection
	GlobalSection(SolutionProperties) = preSolution
		HideSolutionNode = FALSE
	EndGlobalSection
	GlobalSection(ExtensibilityGlobals) = postSolution
		SolutionGuid = {343168B9-4BBF-4A4A-9905-148765A2D6C0}
	EndGlobalSection
EndGlobal
