
Microsoft Visual Studio Solution File, Format Version 12.00
# Visual Studio Version 17
VisualStudioVersion = 17.0.31710.8
MinimumVisualStudioVersion = 10.0.40219.1
Project("{FAE04EC0-301F-11D3-BF4B-00C04F79EFBC}") = "LambdasWithAttributes", "LambdasWithAttributes\LambdasWithAttributes.csproj", "{A70AC5A1-8FCD-4239-B854-DB8229040A78}"
EndProject
Global
	GlobalSection(SolutionConfigurationPlatforms) = preSolution
		Debug|Any CPU = Debug|Any CPU
		Release|Any CPU = Release|Any CPU
	EndGlobalSection
	GlobalSection(ProjectConfigurationPlatforms) = postSolution
		{A70AC5A1-8FCD-4239-B854-DB8229040A78}.Debug|Any CPU.ActiveCfg = Debug|Any CPU
		{A70AC5A1-8FCD-4239-B854-DB8229040A78}.Debug|Any CPU.Build.0 = Debug|Any CPU
		{A70AC5A1-8FCD-4239-B854-DB8229040A78}.Release|Any CPU.ActiveCfg = Release|Any CPU
		{A70AC5A1-8FCD-4239-B854-DB8229040A78}.Release|Any CPU.Build.0 = Release|Any CPU
	EndGlobalSection
	GlobalSection(SolutionProperties) = preSolution
		HideSolutionNode = FALSE
	EndGlobalSection
	GlobalSection(ExtensibilityGlobals) = postSolution
		SolutionGuid = {E01FC09E-A4B4-4F40-BC29-5D8B83E782E7}
	EndGlobalSection
EndGlobal
