
Microsoft Visual Studio Solution File, Format Version 12.00
# Visual Studio Version 17
VisualStudioVersion = 17.0.31710.8
MinimumVisualStudioVersion = 10.0.40219.1
Project("{FAE04EC0-301F-11D3-BF4B-00C04F79EFBC}") = "WithExpressionOnAnyStructType", "WithExpressionOnAnyStructType\WithExpressionOnAnyStructType.csproj", "{BE7D1E17-6DA4-4C52-9E9D-02E46C7B2C80}"
EndProject
Global
	GlobalSection(SolutionConfigurationPlatforms) = preSolution
		Debug|Any CPU = Debug|Any CPU
		Release|Any CPU = Release|Any CPU
	EndGlobalSection
	GlobalSection(ProjectConfigurationPlatforms) = postSolution
		{BE7D1E17-6DA4-4C52-9E9D-02E46C7B2C80}.Debug|Any CPU.ActiveCfg = Debug|Any CPU
		{BE7D1E17-6DA4-4C52-9E9D-02E46C7B2C80}.Debug|Any CPU.Build.0 = Debug|Any CPU
		{BE7D1E17-6DA4-4C52-9E9D-02E46C7B2C80}.Release|Any CPU.ActiveCfg = Release|Any CPU
		{BE7D1E17-6DA4-4C52-9E9D-02E46C7B2C80}.Release|Any CPU.Build.0 = Release|Any CPU
	EndGlobalSection
	GlobalSection(SolutionProperties) = preSolution
		HideSolutionNode = FALSE
	EndGlobalSection
	GlobalSection(ExtensibilityGlobals) = postSolution
		SolutionGuid = {98A689EE-0877-427C-B425-3D2D24E6ABC1}
	EndGlobalSection
EndGlobal
