
Microsoft Visual Studio Solution File, Format Version 12.00
# Visual Studio Version 17
VisualStudioVersion = 17.0.32014.148
MinimumVisualStudioVersion = 10.0.40219.1
Project("{F2A71F9B-5D33-465A-A702-920D77279786}") = "Additional collection functions", "Additional collection functions\Additional collection functions.fsproj", "{6101F7BB-C4EB-474D-86E4-9EA3E3B17C92}"
EndProject
Global
	GlobalSection(SolutionConfigurationPlatforms) = preSolution
		Debug|Any CPU = Debug|Any CPU
		Release|Any CPU = Release|Any CPU
	EndGlobalSection
	GlobalSection(ProjectConfigurationPlatforms) = postSolution
		{6101F7BB-C4EB-474D-86E4-9EA3E3B17C92}.Debug|Any CPU.ActiveCfg = Debug|Any CPU
		{6101F7BB-C4EB-474D-86E4-9EA3E3B17C92}.Debug|Any CPU.Build.0 = Debug|Any CPU
		{6101F7BB-C4EB-474D-86E4-9EA3E3B17C92}.Release|Any CPU.ActiveCfg = Release|Any CPU
		{6101F7BB-C4EB-474D-86E4-9EA3E3B17C92}.Release|Any CPU.Build.0 = Release|Any CPU
	EndGlobalSection
	GlobalSection(SolutionProperties) = preSolution
		HideSolutionNode = FALSE
	EndGlobalSection
	GlobalSection(ExtensibilityGlobals) = postSolution
		SolutionGuid = {C1238469-C839-45F7-971E-BC4619DC67E5}
	EndGlobalSection
EndGlobal
