
Microsoft Visual Studio Solution File, Format Version 12.00
# Visual Studio Version 17
VisualStudioVersion = 17.0.31710.8
MinimumVisualStudioVersion = 10.0.40219.1
Project("{FAE04EC0-301F-11D3-BF4B-00C04F79EFBC}") = "RangeSupportForTake", "RangeSupportForTake\RangeSupportForTake.csproj", "{88FEDCA5-C949-4728-811E-DC6A1CE664BA}"
EndProject
Global
	GlobalSection(SolutionConfigurationPlatforms) = preSolution
		Debug|Any CPU = Debug|Any CPU
		Release|Any CPU = Release|Any CPU
	EndGlobalSection
	GlobalSection(ProjectConfigurationPlatforms) = postSolution
		{88FEDCA5-C949-4728-811E-DC6A1CE664BA}.Debug|Any CPU.ActiveCfg = Debug|Any CPU
		{88FEDCA5-C949-4728-811E-DC6A1CE664BA}.Debug|Any CPU.Build.0 = Debug|Any CPU
		{88FEDCA5-C949-4728-811E-DC6A1CE664BA}.Release|Any CPU.ActiveCfg = Release|Any CPU
		{88FEDCA5-C949-4728-811E-DC6A1CE664BA}.Release|Any CPU.Build.0 = Release|Any CPU
	EndGlobalSection
	GlobalSection(SolutionProperties) = preSolution
		HideSolutionNode = FALSE
	EndGlobalSection
	GlobalSection(ExtensibilityGlobals) = postSolution
		SolutionGuid = {7A6F8814-624C-4B4B-A3A0-E032F14FCF25}
	EndGlobalSection
EndGlobal
