
Microsoft Visual Studio Solution File, Format Version 12.00
# Visual Studio Version 17
VisualStudioVersion = 17.0.31903.59
MinimumVisualStudioVersion = 10.0.40219.1
Project("{FAE04EC0-301F-11D3-BF4B-00C04F79EFBC}") = "Defining query for in-memory provider", "Defining query for in-memory provider\Defining query for in-memory provider.csproj", "{C6AFBC81-5D6D-4166-A9FD-A2F941B0C56F}"
EndProject
Global
	GlobalSection(SolutionConfigurationPlatforms) = preSolution
		Debug|Any CPU = Debug|Any CPU
		Release|Any CPU = Release|Any CPU
	EndGlobalSection
	GlobalSection(ProjectConfigurationPlatforms) = postSolution
		{C6AFBC81-5D6D-4166-A9FD-A2F941B0C56F}.Debug|Any CPU.ActiveCfg = Debug|Any CPU
		{C6AFBC81-5D6D-4166-A9FD-A2F941B0C56F}.Debug|Any CPU.Build.0 = Debug|Any CPU
		{C6AFBC81-5D6D-4166-A9FD-A2F941B0C56F}.Release|Any CPU.ActiveCfg = Release|Any CPU
		{C6AFBC81-5D6D-4166-A9FD-A2F941B0C56F}.Release|Any CPU.Build.0 = Release|Any CPU
	EndGlobalSection
	GlobalSection(SolutionProperties) = preSolution
		HideSolutionNode = FALSE
	EndGlobalSection
	GlobalSection(ExtensibilityGlobals) = postSolution
		SolutionGuid = {51455B08-316E-4690-B8EE-01DC3921A19E}
	EndGlobalSection
EndGlobal
