
Microsoft Visual Studio Solution File, Format Version 12.00
# Visual Studio Version 17
VisualStudioVersion = 17.0.31710.8
MinimumVisualStudioVersion = 10.0.40219.1
Project("{FAE04EC0-301F-11D3-BF4B-00C04F79EFBC}") = "AsyncMethodBuilder", "AsyncMethodBuilder\AsyncMethodBuilder.csproj", "{8C232896-8B80-4892-9AFF-F937DA1FC093}"
EndProject
Global
	GlobalSection(SolutionConfigurationPlatforms) = preSolution
		Debug|Any CPU = Debug|Any CPU
		Release|Any CPU = Release|Any CPU
	EndGlobalSection
	GlobalSection(ProjectConfigurationPlatforms) = postSolution
		{8C232896-8B80-4892-9AFF-F937DA1FC093}.Debug|Any CPU.ActiveCfg = Debug|Any CPU
		{8C232896-8B80-4892-9AFF-F937DA1FC093}.Debug|Any CPU.Build.0 = Debug|Any CPU
		{8C232896-8B80-4892-9AFF-F937DA1FC093}.Release|Any CPU.ActiveCfg = Release|Any CPU
		{8C232896-8B80-4892-9AFF-F937DA1FC093}.Release|Any CPU.Build.0 = Release|Any CPU
	EndGlobalSection
	GlobalSection(SolutionProperties) = preSolution
		HideSolutionNode = FALSE
	EndGlobalSection
	GlobalSection(ExtensibilityGlobals) = postSolution
		SolutionGuid = {705540FD-BF6A-48CD-939D-8A15C22FCDE6}
	EndGlobalSection
EndGlobal
