
Microsoft Visual Studio Solution File, Format Version 12.00
# Visual Studio Version 17
VisualStudioVersion = 17.0.31825.309
MinimumVisualStudioVersion = 10.0.40219.1
Project("{FAE04EC0-301F-11D3-BF4B-00C04F79EFBC}") = "Simplified call patterns for cryptographic operations", "Simplified call patterns for cryptographic operations\Simplified call patterns for cryptographic operations.csproj", "{755C8FD9-D860-4D33-A88B-A94D16EC2336}"
EndProject
Project("{2150E333-8FDC-42A3-9474-1A3956D46DE8}") = "Solution Items", "Solution Items", "{46077ED7-C15C-417C-9163-7D257C1E53F7}"
	ProjectSection(SolutionItems) = preProject
		.editorconfig = .editorconfig
	EndProjectSection
EndProject
Global
	GlobalSection(SolutionConfigurationPlatforms) = preSolution
		Debug|Any CPU = Debug|Any CPU
		Release|Any CPU = Release|Any CPU
	EndGlobalSection
	GlobalSection(ProjectConfigurationPlatforms) = postSolution
		{755C8FD9-D860-4D33-A88B-A94D16EC2336}.Debug|Any CPU.ActiveCfg = Debug|Any CPU
		{755C8FD9-D860-4D33-A88B-A94D16EC2336}.Debug|Any CPU.Build.0 = Debug|Any CPU
		{755C8FD9-D860-4D33-A88B-A94D16EC2336}.Release|Any CPU.ActiveCfg = Release|Any CPU
		{755C8FD9-D860-4D33-A88B-A94D16EC2336}.Release|Any CPU.Build.0 = Release|Any CPU
	EndGlobalSection
	GlobalSection(SolutionProperties) = preSolution
		HideSolutionNode = FALSE
	EndGlobalSection
	GlobalSection(ExtensibilityGlobals) = postSolution
		SolutionGuid = {14BB1689-0158-45E8-BC9B-63AA88CE1F66}
	EndGlobalSection
EndGlobal
