
Microsoft Visual Studio Solution File, Format Version 12.00
# Visual Studio Version 17
VisualStudioVersion = 17.0.31903.59
MinimumVisualStudioVersion = 10.0.40219.1
Project("{FAE04EC0-301F-11D3-BF4B-00C04F79EFBC}") = "Allow value converters to convert nulls", "Allow value converters to convert nulls\Allow value converters to convert nulls.csproj", "{2733FC2A-0C43-4FB3-83F6-7C5AB7340044}"
EndProject
Global
	GlobalSection(SolutionConfigurationPlatforms) = preSolution
		Debug|Any CPU = Debug|Any CPU
		Release|Any CPU = Release|Any CPU
	EndGlobalSection
	GlobalSection(ProjectConfigurationPlatforms) = postSolution
		{2733FC2A-0C43-4FB3-83F6-7C5AB7340044}.Debug|Any CPU.ActiveCfg = Debug|Any CPU
		{2733FC2A-0C43-4FB3-83F6-7C5AB7340044}.Debug|Any CPU.Build.0 = Debug|Any CPU
		{2733FC2A-0C43-4FB3-83F6-7C5AB7340044}.Release|Any CPU.ActiveCfg = Release|Any CPU
		{2733FC2A-0C43-4FB3-83F6-7C5AB7340044}.Release|Any CPU.Build.0 = Release|Any CPU
	EndGlobalSection
	GlobalSection(SolutionProperties) = preSolution
		HideSolutionNode = FALSE
	EndGlobalSection
	GlobalSection(ExtensibilityGlobals) = postSolution
		SolutionGuid = {F47B447C-7EAB-4B9E-8C3B-B1AB423077F2}
	EndGlobalSection
EndGlobal
